
Microsoft Visual Studio Solution File, Format Version 12.00
# Visual Studio Version 16
VisualStudioVersion = 16.0.29503.13
MinimumVisualStudioVersion = 10.0.40219.1
Project("{FAE04EC0-301F-11D3-BF4B-00C04F79EFBC}") = "login", "login\login.csproj", "{DA46B3D1-5035-4D98-AF02-4E04EBAD69B8}"
EndProject
Global
	GlobalSection(SolutionConfigurationPlatforms) = preSolution
		Debug|Any CPU = Debug|Any CPU
		Release|Any CPU = Release|Any CPU
	EndGlobalSection
	GlobalSection(ProjectConfigurationPlatforms) = postSolution
		{DA46B3D1-5035-4D98-AF02-4E04EBAD69B8}.Debug|Any CPU.ActiveCfg = Debug|Any CPU
		{DA46B3D1-5035-4D98-AF02-4E04EBAD69B8}.Debug|Any CPU.Build.0 = Debug|Any CPU
		{DA46B3D1-5035-4D98-AF02-4E04EBAD69B8}.Release|Any CPU.ActiveCfg = Release|Any CPU
		{DA46B3D1-5035-4D98-AF02-4E04EBAD69B8}.Release|Any CPU.Build.0 = Release|Any CPU
	EndGlobalSection
	GlobalSection(SolutionProperties) = preSolution
		HideSolutionNode = FALSE
	EndGlobalSection
	GlobalSection(ExtensibilityGlobals) = postSolution
		SolutionGuid = {38112F25-9AA9-4DA2-A0FE-22185B14D56D}
	EndGlobalSection
EndGlobal
